
Microsoft Visual Studio Solution File, Format Version 12.00
# Visual Studio 2012
Project("{FAE04EC0-301F-11D3-BF4B-00C04F79EFBC}") = "ProgressBarWPF", "ProgressBarWPF.csproj", "{22093DF1-B3E4-4813-A956-24BF35BCC551}"
EndProject
Global
	GlobalSection(SolutionConfigurationPlatforms) = preSolution
		Debug|Any CPU = Debug|Any CPU
		Release|Any CPU = Release|Any CPU
	EndGlobalSection
	GlobalSection(ProjectConfigurationPlatforms) = postSolution
		{22093DF1-B3E4-4813-A956-24BF35BCC551}.Debug|Any CPU.ActiveCfg = Debug|Any CPU
		{22093DF1-B3E4-4813-A956-24BF35BCC551}.Debug|Any CPU.Build.0 = Debug|Any CPU
		{22093DF1-B3E4-4813-A956-24BF35BCC551}.Release|Any CPU.ActiveCfg = Release|Any CPU
		{22093DF1-B3E4-4813-A956-24BF35BCC551}.Release|Any CPU.Build.0 = Release|Any CPU
	EndGlobalSection
	GlobalSection(SolutionProperties) = preSolution
		HideSolutionNode = FALSE
	EndGlobalSection
	GlobalSection(ExtensibilityGlobals) = postSolution
		EnterpriseLibraryConfigurationToolBinariesPathV6 = packages\EnterpriseLibrary.Common.6.0.1304.0\lib\NET45;packages\EnterpriseLibrary.Data.6.0.1304.0\lib\NET45
	EndGlobalSection
EndGlobal
